
Microsoft Visual Studio Solution File, Format Version 12.00
# Visual Studio Version 16
VisualStudioVersion = 16.0.30320.27
MinimumVisualStudioVersion = 10.0.40219.1
Project("{9A19103F-16F7-4668-BE54-9A1E7A4F7556}") = "TestApp", "TestApp\TestApp.csproj", "{56310F36-04B0-4C3E-9861-873BC4C4BB12}"
EndProject
Project("{9A19103F-16F7-4668-BE54-9A1E7A4F7556}") = "ogr_csharp", "..\..\Zxc.C++\src.Open\gdal\gdal\swig\csharp\ogr\ogr_csharp.csproj", "{EF5B3295-F7DF-45E4-89EF-494B0C1F9ADD}"
EndProject
Project("{9A19103F-16F7-4668-BE54-9A1E7A4F7556}") = "osr_csharp", "..\..\Zxc.C++\src.Open\gdal\gdal\swig\csharp\osr\osr_csharp.csproj", "{46446BD8-682C-4527-AE26-5D3F2DCFED8B}"
EndProject
Project("{9A19103F-16F7-4668-BE54-9A1E7A4F7556}") = "gdal_csharp", "..\..\Zxc.C++\src.Open\gdal\gdal\swig\csharp\gdal\gdal_csharp.csproj", "{A9BEA017-90CF-477B-887D-1FBDD6268051}"
EndProject
Project("{2150E333-8FDC-42A3-9474-1A3956D46DE8}") = "GDAL", "GDAL", "{447A9377-E0FF-426F-8229-5BE1689CE507}"
EndProject
Project("{2150E333-8FDC-42A3-9474-1A3956D46DE8}") = "GIS", "GIS", "{DB7201C7-002B-4D6D-B191-BD9D949E7609}"
EndProject
Project("{9A19103F-16F7-4668-BE54-9A1E7A4F7556}") = "GIS.Base", "GIS.Base\GIS.Base.csproj", "{B0E46FAD-F1B2-4F64-B93B-1F8361427B0F}"
EndProject
Project("{9A19103F-16F7-4668-BE54-9A1E7A4F7556}") = "GIS.Models.DistributionMap", "GIS.Models\GIS.Models.DistributionMap\GIS.Models.DistributionMap.csproj", "{1EABA8CC-F9D2-4B4D-B485-9609C8BA54FD}"
EndProject
Project("{9A19103F-16F7-4668-BE54-9A1E7A4F7556}") = "Base.Image", "Base.Image\Base.Image.csproj", "{E45656AB-5A5F-4168-BBBE-9648D0FE819D}"
EndProject
Project("{2150E333-8FDC-42A3-9474-1A3956D46DE8}") = "Base", "Base", "{376A7D94-767A-45B4-BFD1-DCBD186A657A}"
EndProject
Project("{2150E333-8FDC-42A3-9474-1A3956D46DE8}") = "Models", "Models", "{FE395582-39C5-4E0E-A976-A3F3CC38B8BA}"
EndProject
Project("{9A19103F-16F7-4668-BE54-9A1E7A4F7556}") = "Gis.API", "GIS.API\Gis.API.csproj", "{DD15F61A-02FC-46B3-9CDC-246A02D31CFA}"
EndProject
Project("{2150E333-8FDC-42A3-9474-1A3956D46DE8}") = "API", "API", "{B9BCFCED-DDF1-4425-8746-21C7BF9E90B9}"
EndProject
Project("{2150E333-8FDC-42A3-9474-1A3956D46DE8}") = "Test", "Test", "{244673B3-0C32-45F3-B9E6-D10EA6FC3BD0}"
EndProject
Project("{9A19103F-16F7-4668-BE54-9A1E7A4F7556}") = "Base.Common", "Base.Common\Base.Common.csproj", "{D5D321EC-3EA5-4663-81C0-0EB2E1423086}"
EndProject
Project("{2150E333-8FDC-42A3-9474-1A3956D46DE8}") = "Swaps", "Swaps", "{6E176F54-3748-4964-AC07-9A4E99A8458C}"
EndProject
Project("{9A19103F-16F7-4668-BE54-9A1E7A4F7556}") = "zpCore.zpDataCache.Swap", "..\zpCore.zpDataCache\zpCore.zpDataCache.Swap\zpCore.zpDataCache.Swap.csproj", "{63FAE26C-41D8-4B45-8035-00CA70180B2A}"
EndProject
Project("{2150E333-8FDC-42A3-9474-1A3956D46DE8}") = "AutoJob", "AutoJob", "{B7979352-2C99-45FF-A167-566F497E57B9}"
EndProject
Project("{2150E333-8FDC-42A3-9474-1A3956D46DE8}") = "ReadMe", "ReadMe", "{2B743554-0C97-4A11-85B3-2D1CB31DCEA3}"
	ProjectSection(SolutionItems) = preProject
		ReadMe\GIS底层库GDAL及依赖库编译.md = ReadMe\GIS底层库GDAL及依赖库编译.md
		ReadMe\Readme.md = ReadMe\Readme.md
	EndProjectSection
EndProject
Global
	GlobalSection(SolutionConfigurationPlatforms) = preSolution
		Debug|Any CPU = Debug|Any CPU
		Debug|x64 = Debug|x64
		Release|Any CPU = Release|Any CPU
		Release|x64 = Release|x64
	EndGlobalSection
	GlobalSection(ProjectConfigurationPlatforms) = postSolution
		{56310F36-04B0-4C3E-9861-873BC4C4BB12}.Debug|Any CPU.ActiveCfg = Debug|Any CPU
		{56310F36-04B0-4C3E-9861-873BC4C4BB12}.Debug|Any CPU.Build.0 = Debug|Any CPU
		{56310F36-04B0-4C3E-9861-873BC4C4BB12}.Debug|x64.ActiveCfg = Debug|Any CPU
		{56310F36-04B0-4C3E-9861-873BC4C4BB12}.Debug|x64.Build.0 = Debug|Any CPU
		{56310F36-04B0-4C3E-9861-873BC4C4BB12}.Release|Any CPU.ActiveCfg = Release|Any CPU
		{56310F36-04B0-4C3E-9861-873BC4C4BB12}.Release|Any CPU.Build.0 = Release|Any CPU
		{56310F36-04B0-4C3E-9861-873BC4C4BB12}.Release|x64.ActiveCfg = Release|x64
		{56310F36-04B0-4C3E-9861-873BC4C4BB12}.Release|x64.Build.0 = Release|x64
		{EF5B3295-F7DF-45E4-89EF-494B0C1F9ADD}.Debug|Any CPU.ActiveCfg = Debug|Any CPU
		{EF5B3295-F7DF-45E4-89EF-494B0C1F9ADD}.Debug|Any CPU.Build.0 = Debug|Any CPU
		{EF5B3295-F7DF-45E4-89EF-494B0C1F9ADD}.Debug|x64.ActiveCfg = Debug|Any CPU
		{EF5B3295-F7DF-45E4-89EF-494B0C1F9ADD}.Debug|x64.Build.0 = Debug|Any CPU
		{EF5B3295-F7DF-45E4-89EF-494B0C1F9ADD}.Release|Any CPU.ActiveCfg = Release|Any CPU
		{EF5B3295-F7DF-45E4-89EF-494B0C1F9ADD}.Release|Any CPU.Build.0 = Release|Any CPU
		{EF5B3295-F7DF-45E4-89EF-494B0C1F9ADD}.Release|x64.ActiveCfg = Release|Any CPU
		{EF5B3295-F7DF-45E4-89EF-494B0C1F9ADD}.Release|x64.Build.0 = Release|Any CPU
		{46446BD8-682C-4527-AE26-5D3F2DCFED8B}.Debug|Any CPU.ActiveCfg = Debug|Any CPU
		{46446BD8-682C-4527-AE26-5D3F2DCFED8B}.Debug|Any CPU.Build.0 = Debug|Any CPU
		{46446BD8-682C-4527-AE26-5D3F2DCFED8B}.Debug|x64.ActiveCfg = Debug|Any CPU
		{46446BD8-682C-4527-AE26-5D3F2DCFED8B}.Debug|x64.Build.0 = Debug|Any CPU
		{46446BD8-682C-4527-AE26-5D3F2DCFED8B}.Release|Any CPU.ActiveCfg = Release|Any CPU
		{46446BD8-682C-4527-AE26-5D3F2DCFED8B}.Release|Any CPU.Build.0 = Release|Any CPU
		{46446BD8-682C-4527-AE26-5D3F2DCFED8B}.Release|x64.ActiveCfg = Release|Any CPU
		{46446BD8-682C-4527-AE26-5D3F2DCFED8B}.Release|x64.Build.0 = Release|Any CPU
		{A9BEA017-90CF-477B-887D-1FBDD6268051}.Debug|Any CPU.ActiveCfg = Debug|Any CPU
		{A9BEA017-90CF-477B-887D-1FBDD6268051}.Debug|Any CPU.Build.0 = Debug|Any CPU
		{A9BEA017-90CF-477B-887D-1FBDD6268051}.Debug|x64.ActiveCfg = Debug|Any CPU
		{A9BEA017-90CF-477B-887D-1FBDD6268051}.Debug|x64.Build.0 = Debug|Any CPU
		{A9BEA017-90CF-477B-887D-1FBDD6268051}.Release|Any CPU.ActiveCfg = Release|Any CPU
		{A9BEA017-90CF-477B-887D-1FBDD6268051}.Release|Any CPU.Build.0 = Release|Any CPU
		{A9BEA017-90CF-477B-887D-1FBDD6268051}.Release|x64.ActiveCfg = Release|Any CPU
		{A9BEA017-90CF-477B-887D-1FBDD6268051}.Release|x64.Build.0 = Release|Any CPU
		{B0E46FAD-F1B2-4F64-B93B-1F8361427B0F}.Debug|Any CPU.ActiveCfg = Debug|Any CPU
		{B0E46FAD-F1B2-4F64-B93B-1F8361427B0F}.Debug|Any CPU.Build.0 = Debug|Any CPU
		{B0E46FAD-F1B2-4F64-B93B-1F8361427B0F}.Debug|x64.ActiveCfg = Debug|Any CPU
		{B0E46FAD-F1B2-4F64-B93B-1F8361427B0F}.Debug|x64.Build.0 = Debug|Any CPU
		{B0E46FAD-F1B2-4F64-B93B-1F8361427B0F}.Release|Any CPU.ActiveCfg = Release|Any CPU
		{B0E46FAD-F1B2-4F64-B93B-1F8361427B0F}.Release|Any CPU.Build.0 = Release|Any CPU
		{B0E46FAD-F1B2-4F64-B93B-1F8361427B0F}.Release|x64.ActiveCfg = Release|Any CPU
		{B0E46FAD-F1B2-4F64-B93B-1F8361427B0F}.Release|x64.Build.0 = Release|Any CPU
		{1EABA8CC-F9D2-4B4D-B485-9609C8BA54FD}.Debug|Any CPU.ActiveCfg = Debug|Any CPU
		{1EABA8CC-F9D2-4B4D-B485-9609C8BA54FD}.Debug|Any CPU.Build.0 = Debug|Any CPU
		{1EABA8CC-F9D2-4B4D-B485-9609C8BA54FD}.Debug|x64.ActiveCfg = Debug|Any CPU
		{1EABA8CC-F9D2-4B4D-B485-9609C8BA54FD}.Debug|x64.Build.0 = Debug|Any CPU
		{1EABA8CC-F9D2-4B4D-B485-9609C8BA54FD}.Release|Any CPU.ActiveCfg = Release|Any CPU
		{1EABA8CC-F9D2-4B4D-B485-9609C8BA54FD}.Release|Any CPU.Build.0 = Release|Any CPU
		{1EABA8CC-F9D2-4B4D-B485-9609C8BA54FD}.Release|x64.ActiveCfg = Release|Any CPU
		{1EABA8CC-F9D2-4B4D-B485-9609C8BA54FD}.Release|x64.Build.0 = Release|Any CPU
		{E45656AB-5A5F-4168-BBBE-9648D0FE819D}.Debug|Any CPU.ActiveCfg = Debug|Any CPU
		{E45656AB-5A5F-4168-BBBE-9648D0FE819D}.Debug|Any CPU.Build.0 = Debug|Any CPU
		{E45656AB-5A5F-4168-BBBE-9648D0FE819D}.Debug|x64.ActiveCfg = Debug|Any CPU
		{E45656AB-5A5F-4168-BBBE-9648D0FE819D}.Debug|x64.Build.0 = Debug|Any CPU
		{E45656AB-5A5F-4168-BBBE-9648D0FE819D}.Release|Any CPU.ActiveCfg = Release|Any CPU
		{E45656AB-5A5F-4168-BBBE-9648D0FE819D}.Release|Any CPU.Build.0 = Release|Any CPU
		{E45656AB-5A5F-4168-BBBE-9648D0FE819D}.Release|x64.ActiveCfg = Release|Any CPU
		{E45656AB-5A5F-4168-BBBE-9648D0FE819D}.Release|x64.Build.0 = Release|Any CPU
		{DD15F61A-02FC-46B3-9CDC-246A02D31CFA}.Debug|Any CPU.ActiveCfg = Debug|Any CPU
		{DD15F61A-02FC-46B3-9CDC-246A02D31CFA}.Debug|Any CPU.Build.0 = Debug|Any CPU
		{DD15F61A-02FC-46B3-9CDC-246A02D31CFA}.Debug|x64.ActiveCfg = Debug|x64
		{DD15F61A-02FC-46B3-9CDC-246A02D31CFA}.Debug|x64.Build.0 = Debug|x64
		{DD15F61A-02FC-46B3-9CDC-246A02D31CFA}.Release|Any CPU.ActiveCfg = Release|Any CPU
		{DD15F61A-02FC-46B3-9CDC-246A02D31CFA}.Release|Any CPU.Build.0 = Release|Any CPU
		{DD15F61A-02FC-46B3-9CDC-246A02D31CFA}.Release|x64.ActiveCfg = Release|x64
		{DD15F61A-02FC-46B3-9CDC-246A02D31CFA}.Release|x64.Build.0 = Release|x64
		{D5D321EC-3EA5-4663-81C0-0EB2E1423086}.Debug|Any CPU.ActiveCfg = Debug|Any CPU
		{D5D321EC-3EA5-4663-81C0-0EB2E1423086}.Debug|Any CPU.Build.0 = Debug|Any CPU
		{D5D321EC-3EA5-4663-81C0-0EB2E1423086}.Debug|x64.ActiveCfg = Debug|Any CPU
		{D5D321EC-3EA5-4663-81C0-0EB2E1423086}.Debug|x64.Build.0 = Debug|Any CPU
		{D5D321EC-3EA5-4663-81C0-0EB2E1423086}.Release|Any CPU.ActiveCfg = Release|Any CPU
		{D5D321EC-3EA5-4663-81C0-0EB2E1423086}.Release|Any CPU.Build.0 = Release|Any CPU
		{D5D321EC-3EA5-4663-81C0-0EB2E1423086}.Release|x64.ActiveCfg = Release|Any CPU
		{D5D321EC-3EA5-4663-81C0-0EB2E1423086}.Release|x64.Build.0 = Release|Any CPU
		{63FAE26C-41D8-4B45-8035-00CA70180B2A}.Debug|Any CPU.ActiveCfg = Debug|Any CPU
		{63FAE26C-41D8-4B45-8035-00CA70180B2A}.Debug|Any CPU.Build.0 = Debug|Any CPU
		{63FAE26C-41D8-4B45-8035-00CA70180B2A}.Debug|x64.ActiveCfg = Debug|Any CPU
		{63FAE26C-41D8-4B45-8035-00CA70180B2A}.Debug|x64.Build.0 = Debug|Any CPU
		{63FAE26C-41D8-4B45-8035-00CA70180B2A}.Release|Any CPU.ActiveCfg = Release|Any CPU
		{63FAE26C-41D8-4B45-8035-00CA70180B2A}.Release|Any CPU.Build.0 = Release|Any CPU
		{63FAE26C-41D8-4B45-8035-00CA70180B2A}.Release|x64.ActiveCfg = Release|Any CPU
		{63FAE26C-41D8-4B45-8035-00CA70180B2A}.Release|x64.Build.0 = Release|Any CPU
	EndGlobalSection
	GlobalSection(SolutionProperties) = preSolution
		HideSolutionNode = FALSE
	EndGlobalSection
	GlobalSection(NestedProjects) = preSolution
		{56310F36-04B0-4C3E-9861-873BC4C4BB12} = {244673B3-0C32-45F3-B9E6-D10EA6FC3BD0}
		{EF5B3295-F7DF-45E4-89EF-494B0C1F9ADD} = {447A9377-E0FF-426F-8229-5BE1689CE507}
		{46446BD8-682C-4527-AE26-5D3F2DCFED8B} = {447A9377-E0FF-426F-8229-5BE1689CE507}
		{A9BEA017-90CF-477B-887D-1FBDD6268051} = {447A9377-E0FF-426F-8229-5BE1689CE507}
		{B0E46FAD-F1B2-4F64-B93B-1F8361427B0F} = {DB7201C7-002B-4D6D-B191-BD9D949E7609}
		{1EABA8CC-F9D2-4B4D-B485-9609C8BA54FD} = {FE395582-39C5-4E0E-A976-A3F3CC38B8BA}
		{E45656AB-5A5F-4168-BBBE-9648D0FE819D} = {376A7D94-767A-45B4-BFD1-DCBD186A657A}
		{FE395582-39C5-4E0E-A976-A3F3CC38B8BA} = {DB7201C7-002B-4D6D-B191-BD9D949E7609}
		{DD15F61A-02FC-46B3-9CDC-246A02D31CFA} = {B9BCFCED-DDF1-4425-8746-21C7BF9E90B9}
		{B9BCFCED-DDF1-4425-8746-21C7BF9E90B9} = {DB7201C7-002B-4D6D-B191-BD9D949E7609}
		{D5D321EC-3EA5-4663-81C0-0EB2E1423086} = {376A7D94-767A-45B4-BFD1-DCBD186A657A}
		{6E176F54-3748-4964-AC07-9A4E99A8458C} = {B7979352-2C99-45FF-A167-566F497E57B9}
		{63FAE26C-41D8-4B45-8035-00CA70180B2A} = {6E176F54-3748-4964-AC07-9A4E99A8458C}
	EndGlobalSection
	GlobalSection(ExtensibilityGlobals) = postSolution
		SolutionGuid = {34231CD4-905B-47A7-B233-8647A4F7F8AC}
	EndGlobalSection
EndGlobal
