
Microsoft Visual Studio Solution File, Format Version 12.00
# Visual Studio Version 16
VisualStudioVersion = 16.0.29001.49
MinimumVisualStudioVersion = 10.0.40219.1
Project("{888888A0-9F3D-457C-B088-3A5042F75D52}") = "zxcPy.All.Base", "..\..\src\Zxc.Python\zxcPy.All.Base\zxcPy.All.Base.pyproj", "{91159E89-71E7-4DAC-9414-10B79ACE9CC6}"
EndProject
Project("{888888A0-9F3D-457C-B088-3A5042F75D52}") = "zxcPy.Weixin", "..\..\src\Zxc.Python\zxcPy.Weixin\zxcPy.Weixin.pyproj", "{A0DCCAD3-0A28-4EFE-9DBA-E6D3D5FEB346}"
EndProject
Project("{888888A0-9F3D-457C-B088-3A5042F75D52}") = "zxcPy.gsLog_Submits", "..\..\src\Zxc.Python\zxcPy.gsLog_Submits\zxcPy.gsLog_Submits.pyproj", "{15A0A06F-3917-46FD-B1D4-F3A7530A0A94}"
EndProject
Project("{2150E333-8FDC-42A3-9474-1A3956D46DE8}") = "zxcPython", "zxcPython", "{7C123EBC-286C-4B4E-9BA6-D9F0CCD5FD5E}"
EndProject
Project("{888888A0-9F3D-457C-B088-3A5042F75D52}") = "zxcPy.Quote", "..\..\src\Zxc.Python\zxcPy.Quote\zxcPy.Quote.pyproj", "{F001C86F-593E-40CB-8491-9E93C8630403}"
EndProject
Project("{888888A0-9F3D-457C-B088-3A5042F75D52}") = "zxcPy.Robot", "..\..\src\Zxc.Python\zxcPy.Robot\zxcPy.Robot.pyproj", "{0E89E814-5D61-43F4-9065-03483BB5BA80}"
EndProject
Project("{888888A0-9F3D-457C-B088-3A5042F75D52}") = "zxcPy.BlockChain", "..\..\src\Zxc.Python\zxcPy.BlockChain\zxcPy.BlockChain.pyproj", "{0E26315D-574B-4C9B-9BF4-4F8E89BCCF00}"
EndProject
Project("{2150E333-8FDC-42A3-9474-1A3956D46DE8}") = "zxcCore", "zxcCore", "{F702FECD-4E18-40C6-9133-3D0CA7021713}"
EndProject
Project("{9A19103F-16F7-4668-BE54-9A1E7A4F7556}") = "zxcCore.Weixin.MP", "..\..\src\Zxc.Core\zxcCore.Weixin\zxcCore.Weixin.MP\zxcCore.Weixin.MP.csproj", "{77685113-0582-44B8-98B0-FEF9BA5D33F9}"
EndProject
Project("{2150E333-8FDC-42A3-9474-1A3956D46DE8}") = "zxcApp", "zxcApp", "{83B09E0E-C2E6-4EB3-9610-5ACD17C79DDB}"
EndProject
Project("{2150E333-8FDC-42A3-9474-1A3956D46DE8}") = "myApp", "myApp", "{86F73DFF-57E0-4A55-84F3-B92F3E3CA6E5}"
EndProject
Project("{FAE04EC0-301F-11D3-BF4B-00C04F79EFBC}") = "myApp_Android", "..\..\src\Zxc.App\myApp_Android\myApp_Android.csproj", "{2D41921E-F6AB-4814-AAFB-89429D05BF3F}"
EndProject
Project("{FAE04EC0-301F-11D3-BF4B-00C04F79EFBC}") = "myApp1", "..\..\src\Zxc.App\myApp1\myApp1.csproj", "{DF53081F-1294-41CA-A6CC-EB33E7A3394E}"
EndProject
Global
	GlobalSection(SolutionConfigurationPlatforms) = preSolution
		Debug|Any CPU = Debug|Any CPU
		Debug|iPhone = Debug|iPhone
		Debug|iPhoneSimulator = Debug|iPhoneSimulator
		Debug|x64 = Debug|x64
		Debug|x86 = Debug|x86
		Release|Any CPU = Release|Any CPU
		Release|iPhone = Release|iPhone
		Release|iPhoneSimulator = Release|iPhoneSimulator
		Release|x64 = Release|x64
		Release|x86 = Release|x86
	EndGlobalSection
	GlobalSection(ProjectConfigurationPlatforms) = postSolution
		{91159E89-71E7-4DAC-9414-10B79ACE9CC6}.Debug|Any CPU.ActiveCfg = Debug|Any CPU
		{91159E89-71E7-4DAC-9414-10B79ACE9CC6}.Debug|iPhone.ActiveCfg = Debug|Any CPU
		{91159E89-71E7-4DAC-9414-10B79ACE9CC6}.Debug|iPhoneSimulator.ActiveCfg = Debug|Any CPU
		{91159E89-71E7-4DAC-9414-10B79ACE9CC6}.Debug|x64.ActiveCfg = Debug|Any CPU
		{91159E89-71E7-4DAC-9414-10B79ACE9CC6}.Debug|x86.ActiveCfg = Debug|Any CPU
		{91159E89-71E7-4DAC-9414-10B79ACE9CC6}.Release|Any CPU.ActiveCfg = Release|Any CPU
		{91159E89-71E7-4DAC-9414-10B79ACE9CC6}.Release|iPhone.ActiveCfg = Release|Any CPU
		{91159E89-71E7-4DAC-9414-10B79ACE9CC6}.Release|iPhoneSimulator.ActiveCfg = Release|Any CPU
		{91159E89-71E7-4DAC-9414-10B79ACE9CC6}.Release|x64.ActiveCfg = Release|Any CPU
		{91159E89-71E7-4DAC-9414-10B79ACE9CC6}.Release|x86.ActiveCfg = Release|Any CPU
		{A0DCCAD3-0A28-4EFE-9DBA-E6D3D5FEB346}.Debug|Any CPU.ActiveCfg = Debug|Any CPU
		{A0DCCAD3-0A28-4EFE-9DBA-E6D3D5FEB346}.Debug|iPhone.ActiveCfg = Debug|Any CPU
		{A0DCCAD3-0A28-4EFE-9DBA-E6D3D5FEB346}.Debug|iPhoneSimulator.ActiveCfg = Debug|Any CPU
		{A0DCCAD3-0A28-4EFE-9DBA-E6D3D5FEB346}.Debug|x64.ActiveCfg = Debug|Any CPU
		{A0DCCAD3-0A28-4EFE-9DBA-E6D3D5FEB346}.Debug|x86.ActiveCfg = Debug|Any CPU
		{A0DCCAD3-0A28-4EFE-9DBA-E6D3D5FEB346}.Release|Any CPU.ActiveCfg = Release|Any CPU
		{A0DCCAD3-0A28-4EFE-9DBA-E6D3D5FEB346}.Release|iPhone.ActiveCfg = Release|Any CPU
		{A0DCCAD3-0A28-4EFE-9DBA-E6D3D5FEB346}.Release|iPhoneSimulator.ActiveCfg = Release|Any CPU
		{A0DCCAD3-0A28-4EFE-9DBA-E6D3D5FEB346}.Release|x64.ActiveCfg = Release|Any CPU
		{A0DCCAD3-0A28-4EFE-9DBA-E6D3D5FEB346}.Release|x86.ActiveCfg = Release|Any CPU
		{15A0A06F-3917-46FD-B1D4-F3A7530A0A94}.Debug|Any CPU.ActiveCfg = Debug|Any CPU
		{15A0A06F-3917-46FD-B1D4-F3A7530A0A94}.Debug|iPhone.ActiveCfg = Debug|Any CPU
		{15A0A06F-3917-46FD-B1D4-F3A7530A0A94}.Debug|iPhoneSimulator.ActiveCfg = Debug|Any CPU
		{15A0A06F-3917-46FD-B1D4-F3A7530A0A94}.Debug|x64.ActiveCfg = Debug|Any CPU
		{15A0A06F-3917-46FD-B1D4-F3A7530A0A94}.Debug|x86.ActiveCfg = Debug|Any CPU
		{15A0A06F-3917-46FD-B1D4-F3A7530A0A94}.Release|Any CPU.ActiveCfg = Release|Any CPU
		{15A0A06F-3917-46FD-B1D4-F3A7530A0A94}.Release|iPhone.ActiveCfg = Release|Any CPU
		{15A0A06F-3917-46FD-B1D4-F3A7530A0A94}.Release|iPhoneSimulator.ActiveCfg = Release|Any CPU
		{15A0A06F-3917-46FD-B1D4-F3A7530A0A94}.Release|x64.ActiveCfg = Release|Any CPU
		{15A0A06F-3917-46FD-B1D4-F3A7530A0A94}.Release|x86.ActiveCfg = Release|Any CPU
		{F001C86F-593E-40CB-8491-9E93C8630403}.Debug|Any CPU.ActiveCfg = Debug|Any CPU
		{F001C86F-593E-40CB-8491-9E93C8630403}.Debug|iPhone.ActiveCfg = Debug|Any CPU
		{F001C86F-593E-40CB-8491-9E93C8630403}.Debug|iPhoneSimulator.ActiveCfg = Debug|Any CPU
		{F001C86F-593E-40CB-8491-9E93C8630403}.Debug|x64.ActiveCfg = Debug|Any CPU
		{F001C86F-593E-40CB-8491-9E93C8630403}.Debug|x86.ActiveCfg = Debug|Any CPU
		{F001C86F-593E-40CB-8491-9E93C8630403}.Release|Any CPU.ActiveCfg = Release|Any CPU
		{F001C86F-593E-40CB-8491-9E93C8630403}.Release|iPhone.ActiveCfg = Release|Any CPU
		{F001C86F-593E-40CB-8491-9E93C8630403}.Release|iPhoneSimulator.ActiveCfg = Release|Any CPU
		{F001C86F-593E-40CB-8491-9E93C8630403}.Release|x64.ActiveCfg = Release|Any CPU
		{F001C86F-593E-40CB-8491-9E93C8630403}.Release|x86.ActiveCfg = Release|Any CPU
		{0E89E814-5D61-43F4-9065-03483BB5BA80}.Debug|Any CPU.ActiveCfg = Debug|Any CPU
		{0E89E814-5D61-43F4-9065-03483BB5BA80}.Debug|iPhone.ActiveCfg = Debug|Any CPU
		{0E89E814-5D61-43F4-9065-03483BB5BA80}.Debug|iPhoneSimulator.ActiveCfg = Debug|Any CPU
		{0E89E814-5D61-43F4-9065-03483BB5BA80}.Debug|x64.ActiveCfg = Debug|Any CPU
		{0E89E814-5D61-43F4-9065-03483BB5BA80}.Debug|x86.ActiveCfg = Debug|Any CPU
		{0E89E814-5D61-43F4-9065-03483BB5BA80}.Release|Any CPU.ActiveCfg = Release|Any CPU
		{0E89E814-5D61-43F4-9065-03483BB5BA80}.Release|iPhone.ActiveCfg = Release|Any CPU
		{0E89E814-5D61-43F4-9065-03483BB5BA80}.Release|iPhoneSimulator.ActiveCfg = Release|Any CPU
		{0E89E814-5D61-43F4-9065-03483BB5BA80}.Release|x64.ActiveCfg = Release|Any CPU
		{0E89E814-5D61-43F4-9065-03483BB5BA80}.Release|x86.ActiveCfg = Release|Any CPU
		{0E26315D-574B-4C9B-9BF4-4F8E89BCCF00}.Debug|Any CPU.ActiveCfg = Debug|Any CPU
		{0E26315D-574B-4C9B-9BF4-4F8E89BCCF00}.Debug|iPhone.ActiveCfg = Debug|Any CPU
		{0E26315D-574B-4C9B-9BF4-4F8E89BCCF00}.Debug|iPhoneSimulator.ActiveCfg = Debug|Any CPU
		{0E26315D-574B-4C9B-9BF4-4F8E89BCCF00}.Debug|x64.ActiveCfg = Debug|Any CPU
		{0E26315D-574B-4C9B-9BF4-4F8E89BCCF00}.Debug|x86.ActiveCfg = Debug|Any CPU
		{0E26315D-574B-4C9B-9BF4-4F8E89BCCF00}.Release|Any CPU.ActiveCfg = Release|Any CPU
		{0E26315D-574B-4C9B-9BF4-4F8E89BCCF00}.Release|iPhone.ActiveCfg = Release|Any CPU
		{0E26315D-574B-4C9B-9BF4-4F8E89BCCF00}.Release|iPhoneSimulator.ActiveCfg = Release|Any CPU
		{0E26315D-574B-4C9B-9BF4-4F8E89BCCF00}.Release|x64.ActiveCfg = Release|Any CPU
		{0E26315D-574B-4C9B-9BF4-4F8E89BCCF00}.Release|x86.ActiveCfg = Release|Any CPU
		{77685113-0582-44B8-98B0-FEF9BA5D33F9}.Debug|Any CPU.ActiveCfg = Debug|Any CPU
		{77685113-0582-44B8-98B0-FEF9BA5D33F9}.Debug|Any CPU.Build.0 = Debug|Any CPU
		{77685113-0582-44B8-98B0-FEF9BA5D33F9}.Debug|iPhone.ActiveCfg = Debug|Any CPU
		{77685113-0582-44B8-98B0-FEF9BA5D33F9}.Debug|iPhone.Build.0 = Debug|Any CPU
		{77685113-0582-44B8-98B0-FEF9BA5D33F9}.Debug|iPhoneSimulator.ActiveCfg = Debug|Any CPU
		{77685113-0582-44B8-98B0-FEF9BA5D33F9}.Debug|iPhoneSimulator.Build.0 = Debug|Any CPU
		{77685113-0582-44B8-98B0-FEF9BA5D33F9}.Debug|x64.ActiveCfg = Debug|Any CPU
		{77685113-0582-44B8-98B0-FEF9BA5D33F9}.Debug|x64.Build.0 = Debug|Any CPU
		{77685113-0582-44B8-98B0-FEF9BA5D33F9}.Debug|x86.ActiveCfg = Debug|Any CPU
		{77685113-0582-44B8-98B0-FEF9BA5D33F9}.Debug|x86.Build.0 = Debug|Any CPU
		{77685113-0582-44B8-98B0-FEF9BA5D33F9}.Release|Any CPU.ActiveCfg = Release|Any CPU
		{77685113-0582-44B8-98B0-FEF9BA5D33F9}.Release|Any CPU.Build.0 = Release|Any CPU
		{77685113-0582-44B8-98B0-FEF9BA5D33F9}.Release|iPhone.ActiveCfg = Release|Any CPU
		{77685113-0582-44B8-98B0-FEF9BA5D33F9}.Release|iPhone.Build.0 = Release|Any CPU
		{77685113-0582-44B8-98B0-FEF9BA5D33F9}.Release|iPhoneSimulator.ActiveCfg = Release|Any CPU
		{77685113-0582-44B8-98B0-FEF9BA5D33F9}.Release|iPhoneSimulator.Build.0 = Release|Any CPU
		{77685113-0582-44B8-98B0-FEF9BA5D33F9}.Release|x64.ActiveCfg = Release|Any CPU
		{77685113-0582-44B8-98B0-FEF9BA5D33F9}.Release|x64.Build.0 = Release|Any CPU
		{77685113-0582-44B8-98B0-FEF9BA5D33F9}.Release|x86.ActiveCfg = Release|Any CPU
		{77685113-0582-44B8-98B0-FEF9BA5D33F9}.Release|x86.Build.0 = Release|Any CPU
		{2D41921E-F6AB-4814-AAFB-89429D05BF3F}.Debug|Any CPU.ActiveCfg = Debug|Any CPU
		{2D41921E-F6AB-4814-AAFB-89429D05BF3F}.Debug|Any CPU.Build.0 = Debug|Any CPU
		{2D41921E-F6AB-4814-AAFB-89429D05BF3F}.Debug|Any CPU.Deploy.0 = Debug|Any CPU
		{2D41921E-F6AB-4814-AAFB-89429D05BF3F}.Debug|iPhone.ActiveCfg = Debug|Any CPU
		{2D41921E-F6AB-4814-AAFB-89429D05BF3F}.Debug|iPhone.Build.0 = Debug|Any CPU
		{2D41921E-F6AB-4814-AAFB-89429D05BF3F}.Debug|iPhone.Deploy.0 = Debug|Any CPU
		{2D41921E-F6AB-4814-AAFB-89429D05BF3F}.Debug|iPhoneSimulator.ActiveCfg = Debug|Any CPU
		{2D41921E-F6AB-4814-AAFB-89429D05BF3F}.Debug|iPhoneSimulator.Build.0 = Debug|Any CPU
		{2D41921E-F6AB-4814-AAFB-89429D05BF3F}.Debug|iPhoneSimulator.Deploy.0 = Debug|Any CPU
		{2D41921E-F6AB-4814-AAFB-89429D05BF3F}.Debug|x64.ActiveCfg = Debug|Any CPU
		{2D41921E-F6AB-4814-AAFB-89429D05BF3F}.Debug|x64.Build.0 = Debug|Any CPU
		{2D41921E-F6AB-4814-AAFB-89429D05BF3F}.Debug|x64.Deploy.0 = Debug|Any CPU
		{2D41921E-F6AB-4814-AAFB-89429D05BF3F}.Debug|x86.ActiveCfg = Debug|Any CPU
		{2D41921E-F6AB-4814-AAFB-89429D05BF3F}.Debug|x86.Build.0 = Debug|Any CPU
		{2D41921E-F6AB-4814-AAFB-89429D05BF3F}.Debug|x86.Deploy.0 = Debug|Any CPU
		{2D41921E-F6AB-4814-AAFB-89429D05BF3F}.Release|Any CPU.ActiveCfg = Release|Any CPU
		{2D41921E-F6AB-4814-AAFB-89429D05BF3F}.Release|Any CPU.Build.0 = Release|Any CPU
		{2D41921E-F6AB-4814-AAFB-89429D05BF3F}.Release|Any CPU.Deploy.0 = Release|Any CPU
		{2D41921E-F6AB-4814-AAFB-89429D05BF3F}.Release|iPhone.ActiveCfg = Release|Any CPU
		{2D41921E-F6AB-4814-AAFB-89429D05BF3F}.Release|iPhone.Build.0 = Release|Any CPU
		{2D41921E-F6AB-4814-AAFB-89429D05BF3F}.Release|iPhone.Deploy.0 = Release|Any CPU
		{2D41921E-F6AB-4814-AAFB-89429D05BF3F}.Release|iPhoneSimulator.ActiveCfg = Release|Any CPU
		{2D41921E-F6AB-4814-AAFB-89429D05BF3F}.Release|iPhoneSimulator.Build.0 = Release|Any CPU
		{2D41921E-F6AB-4814-AAFB-89429D05BF3F}.Release|iPhoneSimulator.Deploy.0 = Release|Any CPU
		{2D41921E-F6AB-4814-AAFB-89429D05BF3F}.Release|x64.ActiveCfg = Release|Any CPU
		{2D41921E-F6AB-4814-AAFB-89429D05BF3F}.Release|x64.Build.0 = Release|Any CPU
		{2D41921E-F6AB-4814-AAFB-89429D05BF3F}.Release|x64.Deploy.0 = Release|Any CPU
		{2D41921E-F6AB-4814-AAFB-89429D05BF3F}.Release|x86.ActiveCfg = Release|Any CPU
		{2D41921E-F6AB-4814-AAFB-89429D05BF3F}.Release|x86.Build.0 = Release|Any CPU
		{2D41921E-F6AB-4814-AAFB-89429D05BF3F}.Release|x86.Deploy.0 = Release|Any CPU
		{DF53081F-1294-41CA-A6CC-EB33E7A3394E}.Debug|Any CPU.ActiveCfg = Debug|x86
		{DF53081F-1294-41CA-A6CC-EB33E7A3394E}.Debug|Any CPU.Build.0 = Debug|x86
		{DF53081F-1294-41CA-A6CC-EB33E7A3394E}.Debug|Any CPU.Deploy.0 = Debug|x86
		{DF53081F-1294-41CA-A6CC-EB33E7A3394E}.Debug|iPhone.ActiveCfg = Debug|Any CPU
		{DF53081F-1294-41CA-A6CC-EB33E7A3394E}.Debug|iPhone.Build.0 = Debug|Any CPU
		{DF53081F-1294-41CA-A6CC-EB33E7A3394E}.Debug|iPhone.Deploy.0 = Debug|Any CPU
		{DF53081F-1294-41CA-A6CC-EB33E7A3394E}.Debug|iPhoneSimulator.ActiveCfg = Debug|Any CPU
		{DF53081F-1294-41CA-A6CC-EB33E7A3394E}.Debug|iPhoneSimulator.Build.0 = Debug|Any CPU
		{DF53081F-1294-41CA-A6CC-EB33E7A3394E}.Debug|iPhoneSimulator.Deploy.0 = Debug|Any CPU
		{DF53081F-1294-41CA-A6CC-EB33E7A3394E}.Debug|x64.ActiveCfg = Debug|Any CPU
		{DF53081F-1294-41CA-A6CC-EB33E7A3394E}.Debug|x64.Build.0 = Debug|Any CPU
		{DF53081F-1294-41CA-A6CC-EB33E7A3394E}.Debug|x64.Deploy.0 = Debug|Any CPU
		{DF53081F-1294-41CA-A6CC-EB33E7A3394E}.Debug|x86.ActiveCfg = Debug|Any CPU
		{DF53081F-1294-41CA-A6CC-EB33E7A3394E}.Debug|x86.Build.0 = Debug|Any CPU
		{DF53081F-1294-41CA-A6CC-EB33E7A3394E}.Debug|x86.Deploy.0 = Debug|Any CPU
		{DF53081F-1294-41CA-A6CC-EB33E7A3394E}.Release|Any CPU.ActiveCfg = Release|Any CPU
		{DF53081F-1294-41CA-A6CC-EB33E7A3394E}.Release|Any CPU.Build.0 = Release|Any CPU
		{DF53081F-1294-41CA-A6CC-EB33E7A3394E}.Release|Any CPU.Deploy.0 = Release|Any CPU
		{DF53081F-1294-41CA-A6CC-EB33E7A3394E}.Release|iPhone.ActiveCfg = Release|Any CPU
		{DF53081F-1294-41CA-A6CC-EB33E7A3394E}.Release|iPhone.Build.0 = Release|Any CPU
		{DF53081F-1294-41CA-A6CC-EB33E7A3394E}.Release|iPhone.Deploy.0 = Release|Any CPU
		{DF53081F-1294-41CA-A6CC-EB33E7A3394E}.Release|iPhoneSimulator.ActiveCfg = Release|Any CPU
		{DF53081F-1294-41CA-A6CC-EB33E7A3394E}.Release|iPhoneSimulator.Build.0 = Release|Any CPU
		{DF53081F-1294-41CA-A6CC-EB33E7A3394E}.Release|iPhoneSimulator.Deploy.0 = Release|Any CPU
		{DF53081F-1294-41CA-A6CC-EB33E7A3394E}.Release|x64.ActiveCfg = Release|Any CPU
		{DF53081F-1294-41CA-A6CC-EB33E7A3394E}.Release|x64.Build.0 = Release|Any CPU
		{DF53081F-1294-41CA-A6CC-EB33E7A3394E}.Release|x64.Deploy.0 = Release|Any CPU
		{DF53081F-1294-41CA-A6CC-EB33E7A3394E}.Release|x86.ActiveCfg = Release|Any CPU
		{DF53081F-1294-41CA-A6CC-EB33E7A3394E}.Release|x86.Build.0 = Release|Any CPU
		{DF53081F-1294-41CA-A6CC-EB33E7A3394E}.Release|x86.Deploy.0 = Release|Any CPU
	EndGlobalSection
	GlobalSection(SolutionProperties) = preSolution
		HideSolutionNode = FALSE
	EndGlobalSection
	GlobalSection(NestedProjects) = preSolution
		{91159E89-71E7-4DAC-9414-10B79ACE9CC6} = {7C123EBC-286C-4B4E-9BA6-D9F0CCD5FD5E}
		{A0DCCAD3-0A28-4EFE-9DBA-E6D3D5FEB346} = {7C123EBC-286C-4B4E-9BA6-D9F0CCD5FD5E}
		{15A0A06F-3917-46FD-B1D4-F3A7530A0A94} = {7C123EBC-286C-4B4E-9BA6-D9F0CCD5FD5E}
		{F001C86F-593E-40CB-8491-9E93C8630403} = {7C123EBC-286C-4B4E-9BA6-D9F0CCD5FD5E}
		{0E89E814-5D61-43F4-9065-03483BB5BA80} = {7C123EBC-286C-4B4E-9BA6-D9F0CCD5FD5E}
		{0E26315D-574B-4C9B-9BF4-4F8E89BCCF00} = {7C123EBC-286C-4B4E-9BA6-D9F0CCD5FD5E}
		{77685113-0582-44B8-98B0-FEF9BA5D33F9} = {F702FECD-4E18-40C6-9133-3D0CA7021713}
		{86F73DFF-57E0-4A55-84F3-B92F3E3CA6E5} = {83B09E0E-C2E6-4EB3-9610-5ACD17C79DDB}
		{2D41921E-F6AB-4814-AAFB-89429D05BF3F} = {86F73DFF-57E0-4A55-84F3-B92F3E3CA6E5}
		{DF53081F-1294-41CA-A6CC-EB33E7A3394E} = {86F73DFF-57E0-4A55-84F3-B92F3E3CA6E5}
	EndGlobalSection
	GlobalSection(ExtensibilityGlobals) = postSolution
		SolutionGuid = {1C9C7E36-0E45-4E37-B3DD-31393C8EBF16}
	EndGlobalSection
EndGlobal
