
Microsoft Visual Studio Solution File, Format Version 12.00
# Visual Studio 15
VisualStudioVersion = 15.0.26730.3
MinimumVisualStudioVersion = 10.0.40219.1
Project("{888888A0-9F3D-457C-B088-3A5042F75D52}") = "zxcPy.All.Base", "..\..\src\Zxc.Python\zxcPy.All.Base\zxcPy.All.Base.pyproj", "{91159E89-71E7-4DAC-9414-10B79ACE9CC6}"
EndProject
Project("{888888A0-9F3D-457C-B088-3A5042F75D52}") = "zxcPy.Weixin", "..\..\src\Zxc.Python\zxcPy.Weixin\zxcPy.Weixin.pyproj", "{A0DCCAD3-0A28-4EFE-9DBA-E6D3D5FEB346}"
EndProject
Project("{888888A0-9F3D-457C-B088-3A5042F75D52}") = "zxcPy.gsLog_Submits", "..\..\src\Zxc.Python\zxcPy.gsLog_Submits\zxcPy.gsLog_Submits.pyproj", "{15A0A06F-3917-46FD-B1D4-F3A7530A0A94}"
EndProject
Project("{2150E333-8FDC-42A3-9474-1A3956D46DE8}") = "zxcPython", "zxcPython", "{7C123EBC-286C-4B4E-9BA6-D9F0CCD5FD5E}"
EndProject
Global
	GlobalSection(SolutionConfigurationPlatforms) = preSolution
		Debug|Any CPU = Debug|Any CPU
		Release|Any CPU = Release|Any CPU
	EndGlobalSection
	GlobalSection(ProjectConfigurationPlatforms) = postSolution
		{91159E89-71E7-4DAC-9414-10B79ACE9CC6}.Debug|Any CPU.ActiveCfg = Debug|Any CPU
		{91159E89-71E7-4DAC-9414-10B79ACE9CC6}.Release|Any CPU.ActiveCfg = Release|Any CPU
		{A0DCCAD3-0A28-4EFE-9DBA-E6D3D5FEB346}.Debug|Any CPU.ActiveCfg = Debug|Any CPU
		{A0DCCAD3-0A28-4EFE-9DBA-E6D3D5FEB346}.Release|Any CPU.ActiveCfg = Release|Any CPU
		{15A0A06F-3917-46FD-B1D4-F3A7530A0A94}.Debug|Any CPU.ActiveCfg = Debug|Any CPU
		{15A0A06F-3917-46FD-B1D4-F3A7530A0A94}.Release|Any CPU.ActiveCfg = Release|Any CPU
	EndGlobalSection
	GlobalSection(SolutionProperties) = preSolution
		HideSolutionNode = FALSE
	EndGlobalSection
	GlobalSection(NestedProjects) = preSolution
		{91159E89-71E7-4DAC-9414-10B79ACE9CC6} = {7C123EBC-286C-4B4E-9BA6-D9F0CCD5FD5E}
		{A0DCCAD3-0A28-4EFE-9DBA-E6D3D5FEB346} = {7C123EBC-286C-4B4E-9BA6-D9F0CCD5FD5E}
		{15A0A06F-3917-46FD-B1D4-F3A7530A0A94} = {7C123EBC-286C-4B4E-9BA6-D9F0CCD5FD5E}
	EndGlobalSection
	GlobalSection(ExtensibilityGlobals) = postSolution
		SolutionGuid = {1C9C7E36-0E45-4E37-B3DD-31393C8EBF16}
	EndGlobalSection
EndGlobal
