
Microsoft Visual Studio Solution File, Format Version 12.00
# Visual Studio Version 16
VisualStudioVersion = 16.0.30320.27
MinimumVisualStudioVersion = 10.0.40219.1
Project("{9A19103F-16F7-4668-BE54-9A1E7A4F7556}") = "zpCore.zpDataCache.Memory", "..\zpCore.zpDataCache\zpCore.zpDataCache.Memory\zpCore.zpDataCache.Memory.csproj", "{C07B3D1A-F048-4400-9984-D9A488CF9B1B}"
EndProject
Project("{9A19103F-16F7-4668-BE54-9A1E7A4F7556}") = "zxcCore.zxcRobot.Test", "zxcCore.zxcRobot.Test\zxcCore.zxcRobot.Test.csproj", "{2A755B16-67D7-4F87-9D72-5E72CC1F83F4}"
EndProject
Project("{9A19103F-16F7-4668-BE54-9A1E7A4F7556}") = "zxcCore.Common", "..\zxcCore.Base\zxcCore.Common\zxcCore.Common.csproj", "{EF2F99D4-AA4F-4D3A-80EC-A38B55AA42A8}"
EndProject
Project("{9A19103F-16F7-4668-BE54-9A1E7A4F7556}") = "zxcCore.Base", "..\zxcCore.Base\zxcCore.Base\zxcCore.Base.csproj", "{147A332C-4399-415C-9435-0848FCE23A77}"
EndProject
Project("{9A19103F-16F7-4668-BE54-9A1E7A4F7556}") = "zxcCore.zxcRobot.Msger", "zxcCore.zxcRobot.Msger\zxcCore.zxcRobot.Msger.csproj", "{AAF9C4BF-52D4-45C3-A51B-ABCC239E71BA}"
EndProject
Project("{9A19103F-16F7-4668-BE54-9A1E7A4F7556}") = "zxcCore.zxcDataCache.Swap", "..\zxcCore.zxcDataCache\zxcCore.zxcDataCache.Swap\zxcCore.zxcDataCache.Swap.csproj", "{1C4211BB-684D-4066-AC5D-0FFD9A19C9C0}"
EndProject
Project("{9A19103F-16F7-4668-BE54-9A1E7A4F7556}") = "zxcCore.zxcDataCache.MemeoryDB", "..\zxcCore.zxcDataCache\zxcCore.zxcDataCache.MemeoryDB\zxcCore.zxcDataCache.MemeoryDB.csproj", "{EAEAFCF5-F35A-4D59-BFB3-7E01072A5BA5}"
EndProject
Project("{9A19103F-16F7-4668-BE54-9A1E7A4F7556}") = "zxcCore.zxcRobot.Robot", "zxcCore.zxcRobot.Robot\zxcCore.zxcRobot.Robot.csproj", "{1507B90A-125A-4E2A-AFDF-94C66CA3F552}"
EndProject
Project("{9A19103F-16F7-4668-BE54-9A1E7A4F7556}") = "zxcCore.zxcRobot.User", "zxcCore.zxcRobot.User\zxcCore.zxcRobot.User.csproj", "{0F262094-5365-4805-BF8B-DAF5E176B359}"
EndProject
Project("{2150E333-8FDC-42A3-9474-1A3956D46DE8}") = "DataCache", "DataCache", "{219C788A-DCCD-4233-9285-D30A46A1779C}"
EndProject
Project("{2150E333-8FDC-42A3-9474-1A3956D46DE8}") = "DataBase", "DataBase", "{9869A7F9-A6A7-4990-918C-C7FAA2F5BFD2}"
EndProject
Project("{2150E333-8FDC-42A3-9474-1A3956D46DE8}") = "DataMonitor", "DataMonitor", "{480A8248-4D17-4919-A2E0-9D6A64469CB7}"
EndProject
Project("{9A19103F-16F7-4668-BE54-9A1E7A4F7556}") = "zxcCore.zxcRobot.Monitor.Msg", "zxcCore.zxcRobot.Monitor\zxcCore.zxcRobot.Monitor.Msg\zxcCore.zxcRobot.Monitor.Msg.csproj", "{E46035A9-D3D7-4E91-B95A-7D37C2FB14C0}"
EndProject
Project("{9A19103F-16F7-4668-BE54-9A1E7A4F7556}") = "zxcCore.zxcRobot.Monitor.Quote", "zxcCore.zxcRobot.Monitor\zxcCore.zxcRobot.Monitor.Quote\zxcCore.zxcRobot.Monitor.Quote.csproj", "{EEB2C969-D035-4206-930B-DAB88DFCB763}"
EndProject
Project("{2150E333-8FDC-42A3-9474-1A3956D46DE8}") = "DataQoute", "DataQoute", "{E50D1C5B-CF7E-41EC-BFCF-A4ED50AAE779}"
EndProject
Project("{9A19103F-16F7-4668-BE54-9A1E7A4F7556}") = "zxcCore.zxcRobot.Quote.DataAnalysis", "zxcCore.zxcRobot.Quote\zxcCore.zxcRobot.Quote.DataAnalysis\zxcCore.zxcRobot.Quote.DataAnalysis.csproj", "{9965EE71-92A6-4EDC-A3CB-793F2685A825}"
EndProject
Project("{9A19103F-16F7-4668-BE54-9A1E7A4F7556}") = "zxcCore.zxcRobot.Quote.Quantify", "zxcCore.zxcRobot.Quote\zxcCore.zxcRobot.Quote.Quantify\zxcCore.zxcRobot.Quote.Quantify.csproj", "{FF5246B9-265B-4CB1-A4A2-16F39E51EE9C}"
EndProject
Project("{2150E333-8FDC-42A3-9474-1A3956D46DE8}") = "DataAnalysis", "DataAnalysis", "{1AAFDD0C-9463-4EEF-BF2F-78AB8EB74F52}"
EndProject
Project("{9A19103F-16F7-4668-BE54-9A1E7A4F7556}") = "zxcCore.zxcData.DataAnalysis", "..\zxcCore.zxcData\zxcCore.zxcData.DataAnalysis\zxcCore.zxcData.DataAnalysis.csproj", "{822A56B4-E281-43CF-B913-68275733B44B}"
EndProject
Project("{9A19103F-16F7-4668-BE54-9A1E7A4F7556}") = "zxcCore.zxcRobot.Quote.Data", "zxcCore.zxcRobot.Quote\zxcCore.zxcRobot.Quote.Data\zxcCore.zxcRobot.Quote.Data.csproj", "{64604A3D-DE93-40D9-AB80-2F41EE26E809}"
EndProject
Project("{9A19103F-16F7-4668-BE54-9A1E7A4F7556}") = "zxcCore.zxcRobot.Quote", "zxcCore.zxcRobot.Quote\zxcCore.zxcRobot.Quote\zxcCore.zxcRobot.Quote.csproj", "{A7B8DB98-FA0A-4F17-AC8D-F99A558F13C8}"
EndProject
Project("{FAE04EC0-301F-11D3-BF4B-00C04F79EFBC}") = "zxcCore.zxcRobot.Quote.JQData", "zxcCore.zxcRobot.Quote\zxcCore.zxcRobot.Quote.JQData\zxcCore.zxcRobot.Quote.JQData.csproj", "{72E5E2BF-E7BC-4E0C-A3F0-C316332336D1}"
EndProject
Global
	GlobalSection(SolutionConfigurationPlatforms) = preSolution
		Debug|Any CPU = Debug|Any CPU
		Debug|x64 = Debug|x64
		Release|Any CPU = Release|Any CPU
		Release|x64 = Release|x64
	EndGlobalSection
	GlobalSection(ProjectConfigurationPlatforms) = postSolution
		{C07B3D1A-F048-4400-9984-D9A488CF9B1B}.Debug|Any CPU.ActiveCfg = Debug|Any CPU
		{C07B3D1A-F048-4400-9984-D9A488CF9B1B}.Debug|Any CPU.Build.0 = Debug|Any CPU
		{C07B3D1A-F048-4400-9984-D9A488CF9B1B}.Debug|x64.ActiveCfg = Debug|x64
		{C07B3D1A-F048-4400-9984-D9A488CF9B1B}.Debug|x64.Build.0 = Debug|x64
		{C07B3D1A-F048-4400-9984-D9A488CF9B1B}.Release|Any CPU.ActiveCfg = Release|Any CPU
		{C07B3D1A-F048-4400-9984-D9A488CF9B1B}.Release|Any CPU.Build.0 = Release|Any CPU
		{C07B3D1A-F048-4400-9984-D9A488CF9B1B}.Release|x64.ActiveCfg = Release|x64
		{C07B3D1A-F048-4400-9984-D9A488CF9B1B}.Release|x64.Build.0 = Release|x64
		{2A755B16-67D7-4F87-9D72-5E72CC1F83F4}.Debug|Any CPU.ActiveCfg = Debug|Any CPU
		{2A755B16-67D7-4F87-9D72-5E72CC1F83F4}.Debug|Any CPU.Build.0 = Debug|Any CPU
		{2A755B16-67D7-4F87-9D72-5E72CC1F83F4}.Debug|x64.ActiveCfg = Debug|Any CPU
		{2A755B16-67D7-4F87-9D72-5E72CC1F83F4}.Debug|x64.Build.0 = Debug|Any CPU
		{2A755B16-67D7-4F87-9D72-5E72CC1F83F4}.Release|Any CPU.ActiveCfg = Release|Any CPU
		{2A755B16-67D7-4F87-9D72-5E72CC1F83F4}.Release|Any CPU.Build.0 = Release|Any CPU
		{2A755B16-67D7-4F87-9D72-5E72CC1F83F4}.Release|x64.ActiveCfg = Release|Any CPU
		{2A755B16-67D7-4F87-9D72-5E72CC1F83F4}.Release|x64.Build.0 = Release|Any CPU
		{EF2F99D4-AA4F-4D3A-80EC-A38B55AA42A8}.Debug|Any CPU.ActiveCfg = Debug|Any CPU
		{EF2F99D4-AA4F-4D3A-80EC-A38B55AA42A8}.Debug|Any CPU.Build.0 = Debug|Any CPU
		{EF2F99D4-AA4F-4D3A-80EC-A38B55AA42A8}.Debug|x64.ActiveCfg = Debug|Any CPU
		{EF2F99D4-AA4F-4D3A-80EC-A38B55AA42A8}.Debug|x64.Build.0 = Debug|Any CPU
		{EF2F99D4-AA4F-4D3A-80EC-A38B55AA42A8}.Release|Any CPU.ActiveCfg = Release|Any CPU
		{EF2F99D4-AA4F-4D3A-80EC-A38B55AA42A8}.Release|Any CPU.Build.0 = Release|Any CPU
		{EF2F99D4-AA4F-4D3A-80EC-A38B55AA42A8}.Release|x64.ActiveCfg = Release|Any CPU
		{EF2F99D4-AA4F-4D3A-80EC-A38B55AA42A8}.Release|x64.Build.0 = Release|Any CPU
		{147A332C-4399-415C-9435-0848FCE23A77}.Debug|Any CPU.ActiveCfg = Debug|Any CPU
		{147A332C-4399-415C-9435-0848FCE23A77}.Debug|Any CPU.Build.0 = Debug|Any CPU
		{147A332C-4399-415C-9435-0848FCE23A77}.Debug|x64.ActiveCfg = Debug|Any CPU
		{147A332C-4399-415C-9435-0848FCE23A77}.Debug|x64.Build.0 = Debug|Any CPU
		{147A332C-4399-415C-9435-0848FCE23A77}.Release|Any CPU.ActiveCfg = Release|Any CPU
		{147A332C-4399-415C-9435-0848FCE23A77}.Release|Any CPU.Build.0 = Release|Any CPU
		{147A332C-4399-415C-9435-0848FCE23A77}.Release|x64.ActiveCfg = Release|Any CPU
		{147A332C-4399-415C-9435-0848FCE23A77}.Release|x64.Build.0 = Release|Any CPU
		{AAF9C4BF-52D4-45C3-A51B-ABCC239E71BA}.Debug|Any CPU.ActiveCfg = Debug|Any CPU
		{AAF9C4BF-52D4-45C3-A51B-ABCC239E71BA}.Debug|Any CPU.Build.0 = Debug|Any CPU
		{AAF9C4BF-52D4-45C3-A51B-ABCC239E71BA}.Debug|x64.ActiveCfg = Debug|Any CPU
		{AAF9C4BF-52D4-45C3-A51B-ABCC239E71BA}.Debug|x64.Build.0 = Debug|Any CPU
		{AAF9C4BF-52D4-45C3-A51B-ABCC239E71BA}.Release|Any CPU.ActiveCfg = Release|Any CPU
		{AAF9C4BF-52D4-45C3-A51B-ABCC239E71BA}.Release|Any CPU.Build.0 = Release|Any CPU
		{AAF9C4BF-52D4-45C3-A51B-ABCC239E71BA}.Release|x64.ActiveCfg = Release|Any CPU
		{AAF9C4BF-52D4-45C3-A51B-ABCC239E71BA}.Release|x64.Build.0 = Release|Any CPU
		{1C4211BB-684D-4066-AC5D-0FFD9A19C9C0}.Debug|Any CPU.ActiveCfg = Debug|Any CPU
		{1C4211BB-684D-4066-AC5D-0FFD9A19C9C0}.Debug|Any CPU.Build.0 = Debug|Any CPU
		{1C4211BB-684D-4066-AC5D-0FFD9A19C9C0}.Debug|x64.ActiveCfg = Debug|Any CPU
		{1C4211BB-684D-4066-AC5D-0FFD9A19C9C0}.Debug|x64.Build.0 = Debug|Any CPU
		{1C4211BB-684D-4066-AC5D-0FFD9A19C9C0}.Release|Any CPU.ActiveCfg = Release|Any CPU
		{1C4211BB-684D-4066-AC5D-0FFD9A19C9C0}.Release|Any CPU.Build.0 = Release|Any CPU
		{1C4211BB-684D-4066-AC5D-0FFD9A19C9C0}.Release|x64.ActiveCfg = Release|Any CPU
		{1C4211BB-684D-4066-AC5D-0FFD9A19C9C0}.Release|x64.Build.0 = Release|Any CPU
		{EAEAFCF5-F35A-4D59-BFB3-7E01072A5BA5}.Debug|Any CPU.ActiveCfg = Debug|Any CPU
		{EAEAFCF5-F35A-4D59-BFB3-7E01072A5BA5}.Debug|Any CPU.Build.0 = Debug|Any CPU
		{EAEAFCF5-F35A-4D59-BFB3-7E01072A5BA5}.Debug|x64.ActiveCfg = Debug|Any CPU
		{EAEAFCF5-F35A-4D59-BFB3-7E01072A5BA5}.Debug|x64.Build.0 = Debug|Any CPU
		{EAEAFCF5-F35A-4D59-BFB3-7E01072A5BA5}.Release|Any CPU.ActiveCfg = Release|Any CPU
		{EAEAFCF5-F35A-4D59-BFB3-7E01072A5BA5}.Release|Any CPU.Build.0 = Release|Any CPU
		{EAEAFCF5-F35A-4D59-BFB3-7E01072A5BA5}.Release|x64.ActiveCfg = Release|Any CPU
		{EAEAFCF5-F35A-4D59-BFB3-7E01072A5BA5}.Release|x64.Build.0 = Release|Any CPU
		{1507B90A-125A-4E2A-AFDF-94C66CA3F552}.Debug|Any CPU.ActiveCfg = Debug|Any CPU
		{1507B90A-125A-4E2A-AFDF-94C66CA3F552}.Debug|Any CPU.Build.0 = Debug|Any CPU
		{1507B90A-125A-4E2A-AFDF-94C66CA3F552}.Debug|x64.ActiveCfg = Debug|Any CPU
		{1507B90A-125A-4E2A-AFDF-94C66CA3F552}.Debug|x64.Build.0 = Debug|Any CPU
		{1507B90A-125A-4E2A-AFDF-94C66CA3F552}.Release|Any CPU.ActiveCfg = Release|Any CPU
		{1507B90A-125A-4E2A-AFDF-94C66CA3F552}.Release|Any CPU.Build.0 = Release|Any CPU
		{1507B90A-125A-4E2A-AFDF-94C66CA3F552}.Release|x64.ActiveCfg = Release|Any CPU
		{1507B90A-125A-4E2A-AFDF-94C66CA3F552}.Release|x64.Build.0 = Release|Any CPU
		{0F262094-5365-4805-BF8B-DAF5E176B359}.Debug|Any CPU.ActiveCfg = Debug|Any CPU
		{0F262094-5365-4805-BF8B-DAF5E176B359}.Debug|Any CPU.Build.0 = Debug|Any CPU
		{0F262094-5365-4805-BF8B-DAF5E176B359}.Debug|x64.ActiveCfg = Debug|Any CPU
		{0F262094-5365-4805-BF8B-DAF5E176B359}.Debug|x64.Build.0 = Debug|Any CPU
		{0F262094-5365-4805-BF8B-DAF5E176B359}.Release|Any CPU.ActiveCfg = Release|Any CPU
		{0F262094-5365-4805-BF8B-DAF5E176B359}.Release|Any CPU.Build.0 = Release|Any CPU
		{0F262094-5365-4805-BF8B-DAF5E176B359}.Release|x64.ActiveCfg = Release|Any CPU
		{0F262094-5365-4805-BF8B-DAF5E176B359}.Release|x64.Build.0 = Release|Any CPU
		{E46035A9-D3D7-4E91-B95A-7D37C2FB14C0}.Debug|Any CPU.ActiveCfg = Debug|Any CPU
		{E46035A9-D3D7-4E91-B95A-7D37C2FB14C0}.Debug|Any CPU.Build.0 = Debug|Any CPU
		{E46035A9-D3D7-4E91-B95A-7D37C2FB14C0}.Debug|x64.ActiveCfg = Debug|Any CPU
		{E46035A9-D3D7-4E91-B95A-7D37C2FB14C0}.Debug|x64.Build.0 = Debug|Any CPU
		{E46035A9-D3D7-4E91-B95A-7D37C2FB14C0}.Release|Any CPU.ActiveCfg = Release|Any CPU
		{E46035A9-D3D7-4E91-B95A-7D37C2FB14C0}.Release|Any CPU.Build.0 = Release|Any CPU
		{E46035A9-D3D7-4E91-B95A-7D37C2FB14C0}.Release|x64.ActiveCfg = Release|Any CPU
		{E46035A9-D3D7-4E91-B95A-7D37C2FB14C0}.Release|x64.Build.0 = Release|Any CPU
		{EEB2C969-D035-4206-930B-DAB88DFCB763}.Debug|Any CPU.ActiveCfg = Debug|Any CPU
		{EEB2C969-D035-4206-930B-DAB88DFCB763}.Debug|Any CPU.Build.0 = Debug|Any CPU
		{EEB2C969-D035-4206-930B-DAB88DFCB763}.Debug|x64.ActiveCfg = Debug|Any CPU
		{EEB2C969-D035-4206-930B-DAB88DFCB763}.Debug|x64.Build.0 = Debug|Any CPU
		{EEB2C969-D035-4206-930B-DAB88DFCB763}.Release|Any CPU.ActiveCfg = Release|Any CPU
		{EEB2C969-D035-4206-930B-DAB88DFCB763}.Release|Any CPU.Build.0 = Release|Any CPU
		{EEB2C969-D035-4206-930B-DAB88DFCB763}.Release|x64.ActiveCfg = Release|Any CPU
		{EEB2C969-D035-4206-930B-DAB88DFCB763}.Release|x64.Build.0 = Release|Any CPU
		{9965EE71-92A6-4EDC-A3CB-793F2685A825}.Debug|Any CPU.ActiveCfg = Debug|Any CPU
		{9965EE71-92A6-4EDC-A3CB-793F2685A825}.Debug|Any CPU.Build.0 = Debug|Any CPU
		{9965EE71-92A6-4EDC-A3CB-793F2685A825}.Debug|x64.ActiveCfg = Debug|Any CPU
		{9965EE71-92A6-4EDC-A3CB-793F2685A825}.Debug|x64.Build.0 = Debug|Any CPU
		{9965EE71-92A6-4EDC-A3CB-793F2685A825}.Release|Any CPU.ActiveCfg = Release|Any CPU
		{9965EE71-92A6-4EDC-A3CB-793F2685A825}.Release|Any CPU.Build.0 = Release|Any CPU
		{9965EE71-92A6-4EDC-A3CB-793F2685A825}.Release|x64.ActiveCfg = Release|Any CPU
		{9965EE71-92A6-4EDC-A3CB-793F2685A825}.Release|x64.Build.0 = Release|Any CPU
		{FF5246B9-265B-4CB1-A4A2-16F39E51EE9C}.Debug|Any CPU.ActiveCfg = Debug|Any CPU
		{FF5246B9-265B-4CB1-A4A2-16F39E51EE9C}.Debug|Any CPU.Build.0 = Debug|Any CPU
		{FF5246B9-265B-4CB1-A4A2-16F39E51EE9C}.Debug|x64.ActiveCfg = Debug|Any CPU
		{FF5246B9-265B-4CB1-A4A2-16F39E51EE9C}.Debug|x64.Build.0 = Debug|Any CPU
		{FF5246B9-265B-4CB1-A4A2-16F39E51EE9C}.Release|Any CPU.ActiveCfg = Release|Any CPU
		{FF5246B9-265B-4CB1-A4A2-16F39E51EE9C}.Release|Any CPU.Build.0 = Release|Any CPU
		{FF5246B9-265B-4CB1-A4A2-16F39E51EE9C}.Release|x64.ActiveCfg = Release|Any CPU
		{FF5246B9-265B-4CB1-A4A2-16F39E51EE9C}.Release|x64.Build.0 = Release|Any CPU
		{822A56B4-E281-43CF-B913-68275733B44B}.Debug|Any CPU.ActiveCfg = Debug|Any CPU
		{822A56B4-E281-43CF-B913-68275733B44B}.Debug|Any CPU.Build.0 = Debug|Any CPU
		{822A56B4-E281-43CF-B913-68275733B44B}.Debug|x64.ActiveCfg = Debug|Any CPU
		{822A56B4-E281-43CF-B913-68275733B44B}.Debug|x64.Build.0 = Debug|Any CPU
		{822A56B4-E281-43CF-B913-68275733B44B}.Release|Any CPU.ActiveCfg = Release|Any CPU
		{822A56B4-E281-43CF-B913-68275733B44B}.Release|Any CPU.Build.0 = Release|Any CPU
		{822A56B4-E281-43CF-B913-68275733B44B}.Release|x64.ActiveCfg = Release|Any CPU
		{822A56B4-E281-43CF-B913-68275733B44B}.Release|x64.Build.0 = Release|Any CPU
		{64604A3D-DE93-40D9-AB80-2F41EE26E809}.Debug|Any CPU.ActiveCfg = Debug|Any CPU
		{64604A3D-DE93-40D9-AB80-2F41EE26E809}.Debug|Any CPU.Build.0 = Debug|Any CPU
		{64604A3D-DE93-40D9-AB80-2F41EE26E809}.Debug|x64.ActiveCfg = Debug|Any CPU
		{64604A3D-DE93-40D9-AB80-2F41EE26E809}.Debug|x64.Build.0 = Debug|Any CPU
		{64604A3D-DE93-40D9-AB80-2F41EE26E809}.Release|Any CPU.ActiveCfg = Release|Any CPU
		{64604A3D-DE93-40D9-AB80-2F41EE26E809}.Release|Any CPU.Build.0 = Release|Any CPU
		{64604A3D-DE93-40D9-AB80-2F41EE26E809}.Release|x64.ActiveCfg = Release|Any CPU
		{64604A3D-DE93-40D9-AB80-2F41EE26E809}.Release|x64.Build.0 = Release|Any CPU
		{A7B8DB98-FA0A-4F17-AC8D-F99A558F13C8}.Debug|Any CPU.ActiveCfg = Debug|Any CPU
		{A7B8DB98-FA0A-4F17-AC8D-F99A558F13C8}.Debug|Any CPU.Build.0 = Debug|Any CPU
		{A7B8DB98-FA0A-4F17-AC8D-F99A558F13C8}.Debug|x64.ActiveCfg = Debug|Any CPU
		{A7B8DB98-FA0A-4F17-AC8D-F99A558F13C8}.Debug|x64.Build.0 = Debug|Any CPU
		{A7B8DB98-FA0A-4F17-AC8D-F99A558F13C8}.Release|Any CPU.ActiveCfg = Release|Any CPU
		{A7B8DB98-FA0A-4F17-AC8D-F99A558F13C8}.Release|Any CPU.Build.0 = Release|Any CPU
		{A7B8DB98-FA0A-4F17-AC8D-F99A558F13C8}.Release|x64.ActiveCfg = Release|Any CPU
		{A7B8DB98-FA0A-4F17-AC8D-F99A558F13C8}.Release|x64.Build.0 = Release|Any CPU
		{72E5E2BF-E7BC-4E0C-A3F0-C316332336D1}.Debug|Any CPU.ActiveCfg = Debug|Any CPU
		{72E5E2BF-E7BC-4E0C-A3F0-C316332336D1}.Debug|Any CPU.Build.0 = Debug|Any CPU
		{72E5E2BF-E7BC-4E0C-A3F0-C316332336D1}.Debug|x64.ActiveCfg = Debug|Any CPU
		{72E5E2BF-E7BC-4E0C-A3F0-C316332336D1}.Debug|x64.Build.0 = Debug|Any CPU
		{72E5E2BF-E7BC-4E0C-A3F0-C316332336D1}.Release|Any CPU.ActiveCfg = Release|Any CPU
		{72E5E2BF-E7BC-4E0C-A3F0-C316332336D1}.Release|Any CPU.Build.0 = Release|Any CPU
		{72E5E2BF-E7BC-4E0C-A3F0-C316332336D1}.Release|x64.ActiveCfg = Release|Any CPU
		{72E5E2BF-E7BC-4E0C-A3F0-C316332336D1}.Release|x64.Build.0 = Release|Any CPU
	EndGlobalSection
	GlobalSection(SolutionProperties) = preSolution
		HideSolutionNode = FALSE
	EndGlobalSection
	GlobalSection(NestedProjects) = preSolution
		{C07B3D1A-F048-4400-9984-D9A488CF9B1B} = {219C788A-DCCD-4233-9285-D30A46A1779C}
		{EF2F99D4-AA4F-4D3A-80EC-A38B55AA42A8} = {9869A7F9-A6A7-4990-918C-C7FAA2F5BFD2}
		{147A332C-4399-415C-9435-0848FCE23A77} = {9869A7F9-A6A7-4990-918C-C7FAA2F5BFD2}
		{AAF9C4BF-52D4-45C3-A51B-ABCC239E71BA} = {9869A7F9-A6A7-4990-918C-C7FAA2F5BFD2}
		{1C4211BB-684D-4066-AC5D-0FFD9A19C9C0} = {219C788A-DCCD-4233-9285-D30A46A1779C}
		{EAEAFCF5-F35A-4D59-BFB3-7E01072A5BA5} = {219C788A-DCCD-4233-9285-D30A46A1779C}
		{E46035A9-D3D7-4E91-B95A-7D37C2FB14C0} = {480A8248-4D17-4919-A2E0-9D6A64469CB7}
		{EEB2C969-D035-4206-930B-DAB88DFCB763} = {480A8248-4D17-4919-A2E0-9D6A64469CB7}
		{9965EE71-92A6-4EDC-A3CB-793F2685A825} = {E50D1C5B-CF7E-41EC-BFCF-A4ED50AAE779}
		{FF5246B9-265B-4CB1-A4A2-16F39E51EE9C} = {E50D1C5B-CF7E-41EC-BFCF-A4ED50AAE779}
		{822A56B4-E281-43CF-B913-68275733B44B} = {1AAFDD0C-9463-4EEF-BF2F-78AB8EB74F52}
		{64604A3D-DE93-40D9-AB80-2F41EE26E809} = {E50D1C5B-CF7E-41EC-BFCF-A4ED50AAE779}
		{A7B8DB98-FA0A-4F17-AC8D-F99A558F13C8} = {E50D1C5B-CF7E-41EC-BFCF-A4ED50AAE779}
		{72E5E2BF-E7BC-4E0C-A3F0-C316332336D1} = {E50D1C5B-CF7E-41EC-BFCF-A4ED50AAE779}
	EndGlobalSection
	GlobalSection(ExtensibilityGlobals) = postSolution
		SolutionGuid = {6AF3A8F3-C496-48E8-ACA3-963F42506F2A}
	EndGlobalSection
EndGlobal
