
Microsoft Visual Studio Solution File, Format Version 12.00
# Visual Studio Version 16
VisualStudioVersion = 16.0.30320.27
MinimumVisualStudioVersion = 10.0.40219.1
Project("{FAE04EC0-301F-11D3-BF4B-00C04F79EFBC}") = "zpCore.MicroStation", "zpCore.MicroStation.csproj", "{3836D7F8-D8B2-4E5A-80AC-16C467135649}"
EndProject
Global
	GlobalSection(SolutionConfigurationPlatforms) = preSolution
		Debug|Any CPU = Debug|Any CPU
		Release|Any CPU = Release|Any CPU
	EndGlobalSection
	GlobalSection(ProjectConfigurationPlatforms) = postSolution
		{3836D7F8-D8B2-4E5A-80AC-16C467135649}.Debug|Any CPU.ActiveCfg = Debug|Any CPU
		{3836D7F8-D8B2-4E5A-80AC-16C467135649}.Debug|Any CPU.Build.0 = Debug|Any CPU
		{3836D7F8-D8B2-4E5A-80AC-16C467135649}.Release|Any CPU.ActiveCfg = Release|Any CPU
		{3836D7F8-D8B2-4E5A-80AC-16C467135649}.Release|Any CPU.Build.0 = Release|Any CPU
	EndGlobalSection
	GlobalSection(SolutionProperties) = preSolution
		HideSolutionNode = FALSE
	EndGlobalSection
	GlobalSection(ExtensibilityGlobals) = postSolution
		SolutionGuid = {1516F382-A76A-4DF8-BBAE-F347C1AEFD23}
	EndGlobalSection
EndGlobal
